// !$*UTF8*$!
{
	archiveVersion = 1;
	classes = {
	};
	objectVersion = 55;
	objects = {

/* Begin PBXBuildFile section */
		33EF9A7A280E31E90080A85F /* YoloiOSPerformanceTesterApp.swift in Sources */ = {isa = PBXBuildFile; fileRef = 33EF9A79280E31E90080A85F /* YoloiOSPerformanceTesterApp.swift */; };
		33EF9A7C280E31E90080A85F /* ContentView.swift in Sources */ = {isa = PBXBuildFile; fileRef = 33EF9A7B280E31E90080A85F /* ContentView.swift */; };
		33EF9A7E280E31EA0080A85F /* Assets.xcassets in Resources */ = {isa = PBXBuildFile; fileRef = 33EF9A7D280E31EA0080A85F /* Assets.xcassets */; };
		33EF9A81280E31EA0080A85F /* Preview Assets.xcassets in Resources */ = {isa = PBXBuildFile; fileRef = 33EF9A80280E31EA0080A85F /* Preview Assets.xcassets */; };
		8E520B1BF65ED29A3223FF46 /* Pods_YoloiOSPerformanceTester.framework in Frameworks */ = {isa = PBXBuildFile; fileRef = E49A665688C02C1E3E4A4732 /* Pods_YoloiOSPerformanceTester.framework */; };
/* End PBXBuildFile section */

/* Begin PBXFileReference section */
		0F76B042421722F8F0E95B40 /* Pods-YoloiOSPerformanceTester.debug.xcconfig */ = {isa = PBXFileReference; includeInIndex = 1; lastKnownFileType = text.xcconfig; name = "Pods-YoloiOSPerformanceTester.debug.xcconfig"; path = "Target Support Files/Pods-YoloiOSPerformanceTester/Pods-YoloiOSPerformanceTester.debug.xcconfig"; sourceTree = "<group>"; };
		33EF9A76280E31E90080A85F /* YoloiOSPerformanceTester.app */ = {isa = PBXFileReference; explicitFileType = wrapper.application; includeInIndex = 0; path = YoloiOSPerformanceTester.app; sourceTree = BUILT_PRODUCTS_DIR; };
		33EF9A79280E31E90080A85F /* YoloiOSPerformanceTesterApp.swift */ = {isa = PBXFileReference; lastKnownFileType = sourcecode.swift; path = YoloiOSPerformanceTesterApp.swift; sourceTree = "<group>"; };
		33EF9A7B280E31E90080A85F /* ContentView.swift */ = {isa = PBXFileReference; lastKnownFileType = sourcecode.swift; path = ContentView.swift; sourceTree = "<group>"; };
		33EF9A7D280E31EA0080A85F /* Assets.xcassets */ = {isa = PBXFileReference; lastKnownFileType = folder.assetcatalog; path = Assets.xcassets; sourceTree = "<group>"; };
		33EF9A80280E31EA0080A85F /* Preview Assets.xcassets */ = {isa = PBXFileReference; lastKnownFileType = folder.assetcatalog; path = "Preview Assets.xcassets"; sourceTree = "<group>"; };
		4C873899C3EC125473D8F3B0 /* Pods-YoloiOSPerformanceTester.release.xcconfig */ = {isa = PBXFileReference; includeInIndex = 1; lastKnownFileType = text.xcconfig; name = "Pods-YoloiOSPerformanceTester.release.xcconfig"; path = "Target Support Files/Pods-YoloiOSPerformanceTester/Pods-YoloiOSPerformanceTester.release.xcconfig"; sourceTree = "<group>"; };
		E49A665688C02C1E3E4A4732 /* Pods_YoloiOSPerformanceTester.framework */ = {isa = PBXFileReference; explicitFileType = wrapper.framework; includeInIndex = 0; path = Pods_YoloiOSPerformanceTester.framework; sourceTree = BUILT_PRODUCTS_DIR; };
/* End PBXFileReference section */

/* Begin PBXFrameworksBuildPhase section */
		33EF9A73280E31E90080A85F /* Frameworks */ = {
			isa = PBXFrameworksBuildPhase;
			buildActionMask = 2147483647;
			files = (
				8E520B1BF65ED29A3223FF46 /* Pods_YoloiOSPerformanceTester.framework in Frameworks */,
			);
			runOnlyForDeploymentPostprocessing = 0;
		};
/* End PBXFrameworksBuildPhase section */

/* Begin PBXGroup section */
		1D6CDE8686656A3DC95118B0 /* Frameworks */ = {
			isa = PBXGroup;
			children = (
				E49A665688C02C1E3E4A4732 /* Pods_YoloiOSPerformanceTester.framework */,
			);
			name = Frameworks;
			sourceTree = "<group>";
		};
		33EF9A6D280E31E90080A85F = {
			isa = PBXGroup;
			children = (
				33EF9A78280E31E90080A85F /* YoloiOSPerformanceTester */,
				33EF9A77280E31E90080A85F /* Products */,
				3886207A22E83549BAE5F2D0 /* Pods */,
				1D6CDE8686656A3DC95118B0 /* Frameworks */,
			);
			sourceTree = "<group>";
		};
		33EF9A77280E31E90080A85F /* Products */ = {
			isa = PBXGroup;
			children = (
				33EF9A76280E31E90080A85F /* YoloiOSPerformanceTester.app */,
			);
			name = Products;
			sourceTree = "<group>";
		};
		33EF9A78280E31E90080A85F /* YoloiOSPerformanceTester */ = {
			isa = PBXGroup;
			children = (
				33EF9A79280E31E90080A85F /* YoloiOSPerformanceTesterApp.swift */,
				33EF9A7B280E31E90080A85F /* ContentView.swift */,
				33EF9A7D280E31EA0080A85F /* Assets.xcassets */,
				33EF9A7F280E31EA0080A85F /* Preview Content */,
			);
			path = YoloiOSPerformanceTester;
			sourceTree = "<group>";
		};
		33EF9A7F280E31EA0080A85F /* Preview Content */ = {
			isa = PBXGroup;
			children = (
				33EF9A80280E31EA0080A85F /* Preview Assets.xcassets */,
			);
			path = "Preview Content";
			sourceTree = "<group>";
		};
		3886207A22E83549BAE5F2D0 /* Pods */ = {
			isa = PBXGroup;
			children = (
				0F76B042421722F8F0E95B40 /* Pods-YoloiOSPerformanceTester.debug.xcconfig */,
				4C873899C3EC125473D8F3B0 /* Pods-YoloiOSPerformanceTester.release.xcconfig */,
			);
			name = Pods;
			path = Pods;
			sourceTree = "<group>";
		};
/* End PBXGroup section */

/* Begin PBXNativeTarget section */
		33EF9A75280E31E90080A85F /* YoloiOSPerformanceTester */ = {
			isa = PBXNativeTarget;
			buildConfigurationList = 33EF9A84280E31EA0080A85F /* Build configuration list for PBXNativeTarget "YoloiOSPerformanceTester" */;
			buildPhases = (
				A92CA5BCBCBFB01EC68C42E4 /* [CP] Check Pods Manifest.lock */,
				33EF9A72280E31E90080A85F /* Sources */,
				33EF9A73280E31E90080A85F /* Frameworks */,
				33EF9A74280E31E90080A85F /* Resources */,
			);
			buildRules = (
			);
			dependencies = (
			);
			name = YoloiOSPerformanceTester;
			productName = YoloiOSPerformanceTester;
			productReference = 33EF9A76280E31E90080A85F /* YoloiOSPerformanceTester.app */;
			productType = "com.apple.product-type.application";
		};
/* End PBXNativeTarget section */

/* Begin PBXProject section */
		33EF9A6E280E31E90080A85F /* Project object */ = {
			isa = PBXProject;
			attributes = {
				BuildIndependentTargetsInParallel = 1;
				LastSwiftUpdateCheck = 1330;
				LastUpgradeCheck = 1330;
				TargetAttributes = {
					33EF9A75280E31E90080A85F = {
						CreatedOnToolsVersion = 13.3;
					};
				};
			};
			buildConfigurationList = 33EF9A71280E31E90080A85F /* Build configuration list for PBXProject "YoloiOSPerformanceTester" */;
			compatibilityVersion = "Xcode 13.0";
			developmentRegion = en;
			hasScannedForEncodings = 0;
			knownRegions = (
				en,
				Base,
			);
			mainGroup = 33EF9A6D280E31E90080A85F;
			productRefGroup = 33EF9A77280E31E90080A85F /* Products */;
			projectDirPath = "";
			projectRoot = "";
			targets = (
				33EF9A75280E31E90080A85F /* YoloiOSPerformanceTester */,
			);
		};
/* End PBXProject section */

/* Begin PBXResourcesBuildPhase section */
		33EF9A74280E31E90080A85F /* Resources */ = {
			isa = PBXResourcesBuildPhase;
			buildActionMask = 2147483647;
			files = (
				33EF9A81280E31EA0080A85F /* Preview Assets.xcassets in Resources */,
				33EF9A7E280E31EA0080A85F /* Assets.xcassets in Resources */,
			);
			runOnlyForDeploymentPostprocessing = 0;
		};
/* End PBXResourcesBuildPhase section */

/* Begin PBXShellScriptBuildPhase section */
		A92CA5BCBCBFB01EC68C42E4 /* [CP] Check Pods Manifest.lock */ = {
			isa = PBXShellScriptBuildPhase;
			buildActionMask = 2147483647;
			files = (
			);
			inputFileListPaths = (
			);
			inputPaths = (
				"${PODS_PODFILE_DIR_PATH}/Podfile.lock",
				"${PODS_ROOT}/Manifest.lock",
			);
			name = "[CP] Check Pods Manifest.lock";
			outputFileListPaths = (
			);
			outputPaths = (
				"$(DERIVED_FILE_DIR)/Pods-YoloiOSPerformanceTester-checkManifestLockResult.txt",
			);
			runOnlyForDeploymentPostprocessing = 0;
			shellPath = /bin/sh;
			shellScript = "diff \"${PODS_PODFILE_DIR_PATH}/Podfile.lock\" \"${PODS_ROOT}/Manifest.lock\" > /dev/null\nif [ $? != 0 ] ; then\n    # print error to STDERR\n    echo \"error: The sandbox is not in sync with the Podfile.lock. Run 'pod install' or update your CocoaPods installation.\" >&2\n    exit 1\nfi\n# This output is used by Xcode 'outputs' to avoid re-running this script phase.\necho \"SUCCESS\" > \"${SCRIPT_OUTPUT_FILE_0}\"\n";
			showEnvVarsInLog = 0;
		};
/* End PBXShellScriptBuildPhase section */

/* Begin PBXSourcesBuildPhase section */
		33EF9A72280E31E90080A85F /* Sources */ = {
			isa = PBXSourcesBuildPhase;
			buildActionMask = 2147483647;
			files = (
				33EF9A7C280E31E90080A85F /* ContentView.swift in Sources */,
				33EF9A7A280E31E90080A85F /* YoloiOSPerformanceTesterApp.swift in Sources */,
			);
			runOnlyForDeploymentPostprocessing = 0;
		};
/* End PBXSourcesBuildPhase section */

/* Begin XCBuildConfiguration section */
		33EF9A82280E31EA0080A85F /* Debug */ = {
			isa = XCBuildConfiguration;
			buildSettings = {
				ALWAYS_SEARCH_USER_PATHS = NO;
				CLANG_ANALYZER_NONNULL = YES;
				CLANG_ANALYZER_NUMBER_OBJECT_CONVERSION = YES_AGGRESSIVE;
				CLANG_CXX_LANGUAGE_STANDARD = "gnu++17";
				CLANG_ENABLE_MODULES = YES;
				CLANG_ENABLE_OBJC_ARC = YES;
				CLANG_ENABLE_OBJC_WEAK = YES;
				CLANG_WARN_BLOCK_CAPTURE_AUTORELEASING = YES;
				CLANG_WARN_BOOL_CONVERSION = YES;
				CLANG_WARN_COMMA = YES;
				CLANG_WARN_CONSTANT_CONVERSION = YES;
				CLANG_WARN_DEPRECATED_OBJC_IMPLEMENTATIONS = YES;
				CLANG_WARN_DIRECT_OBJC_ISA_USAGE = YES_ERROR;
				CLANG_WARN_DOCUMENTATION_COMMENTS = YES;
				CLANG_WARN_EMPTY_BODY = YES;
				CLANG_WARN_ENUM_CONVERSION = YES;
				CLANG_WARN_INFINITE_RECURSION = YES;
				CLANG_WARN_INT_CONVERSION = YES;
				CLANG_WARN_NON_LITERAL_NULL_CONVERSION = YES;
				CLANG_WARN_OBJC_IMPLICIT_RETAIN_SELF = YES;
				CLANG_WARN_OBJC_LITERAL_CONVERSION = YES;
				CLANG_WARN_OBJC_ROOT_CLASS = YES_ERROR;
				CLANG_WARN_QUOTED_INCLUDE_IN_FRAMEWORK_HEADER = YES;
				CLANG_WARN_RANGE_LOOP_ANALYSIS = YES;
				CLANG_WARN_STRICT_PROTOTYPES = YES;
				CLANG_WARN_SUSPICIOUS_MOVE = YES;
				CLANG_WARN_UNGUARDED_AVAILABILITY = YES_AGGRESSIVE;
				CLANG_WARN_UNREACHABLE_CODE = YES;
				CLANG_WARN__DUPLICATE_METHOD_MATCH = YES;
				COPY_PHASE_STRIP = NO;
				DEBUG_INFORMATION_FORMAT = dwarf;
				ENABLE_STRICT_OBJC_MSGSEND = YES;
				ENABLE_TESTABILITY = YES;
				GCC_C_LANGUAGE_STANDARD = gnu11;
				GCC_DYNAMIC_NO_PIC = NO;
				GCC_NO_COMMON_BLOCKS = YES;
				GCC_OPTIMIZATION_LEVEL = 0;
				GCC_PREPROCESSOR_DEFINITIONS = (
					"DEBUG=1",
					"$(inherited)",
				);
				GCC_WARN_64_TO_32_BIT_CONVERSION = YES;
				GCC_WARN_ABOUT_RETURN_TYPE = YES_ERROR;
				GCC_WARN_UNDECLARED_SELECTOR = YES;
				GCC_WARN_UNINITIALIZED_AUTOS = YES_AGGRESSIVE;
				GCC_WARN_UNUSED_FUNCTION = YES;
				GCC_WARN_UNUSED_VARIABLE = YES;
				IPHONEOS_DEPLOYMENT_TARGET = 15.4;
				MTL_ENABLE_DEBUG_INFO = INCLUDE_SOURCE;
				MTL_FAST_MATH = YES;
				ONLY_ACTIVE_ARCH = YES;
				SDKROOT = iphoneos;
				SWIFT_ACTIVE_COMPILATION_CONDITIONS = DEBUG;
				SWIFT_OPTIMIZATION_LEVEL = "-Onone";
			};
			name = Debug;
		};
		33EF9A83280E31EA0080A85F /* Release */ = {
			isa = XCBuildConfiguration;
			buildSettings = {
				ALWAYS_SEARCH_USER_PATHS = NO;
				CLANG_ANALYZER_NONNULL = YES;
				CLANG_ANALYZER_NUMBER_OBJECT_CONVERSION = YES_AGGRESSIVE;
				CLANG_CXX_LANGUAGE_STANDARD = "gnu++17";
				CLANG_ENABLE_MODULES = YES;
				CLANG_ENABLE_OBJC_ARC = YES;
				CLANG_ENABLE_OBJC_WEAK = YES;
				CLANG_WARN_BLOCK_CAPTURE_AUTORELEASING = YES;
				CLANG_WARN_BOOL_CONVERSION = YES;
				CLANG_WARN_COMMA = YES;
				CLANG_WARN_CONSTANT_CONVERSION = YES;
				CLANG_WARN_DEPRECATED_OBJC_IMPLEMENTATIONS = YES;
				CLANG_WARN_DIRECT_OBJC_ISA_USAGE = YES_ERROR;
				CLANG_WARN_DOCUMENTATION_COMMENTS = YES;
				CLANG_WARN_EMPTY_BODY = YES;
				CLANG_WARN_ENUM_CONVERSION = YES;
				CLANG_WARN_INFINITE_RECURSION = YES;
				CLANG_WARN_INT_CONVERSION = YES;
				CLANG_WARN_NON_LITERAL_NULL_CONVERSION = YES;
				CLANG_WARN_OBJC_IMPLICIT_RETAIN_SELF = YES;
				CLANG_WARN_OBJC_LITERAL_CONVERSION = YES;
				CLANG_WARN_OBJC_ROOT_CLASS = YES_ERROR;
				CLANG_WARN_QUOTED_INCLUDE_IN_FRAMEWORK_HEADER = YES;
				CLANG_WARN_RANGE_LOOP_ANALYSIS = YES;
				CLANG_WARN_STRICT_PROTOTYPES = YES;
				CLANG_WARN_SUSPICIOUS_MOVE = YES;
				CLANG_WARN_UNGUARDED_AVAILABILITY = YES_AGGRESSIVE;
				CLANG_WARN_UNREACHABLE_CODE = YES;
				CLANG_WARN__DUPLICATE_METHOD_MATCH = YES;
				COPY_PHASE_STRIP = NO;
				DEBUG_INFORMATION_FORMAT = "dwarf-with-dsym";
				ENABLE_NS_ASSERTIONS = NO;
				ENABLE_STRICT_OBJC_MSGSEND = YES;
				GCC_C_LANGUAGE_STANDARD = gnu11;
				GCC_NO_COMMON_BLOCKS = YES;
				GCC_WARN_64_TO_32_BIT_CONVERSION = YES;
				GCC_WARN_ABOUT_RETURN_TYPE = YES_ERROR;
				GCC_WARN_UNDECLARED_SELECTOR = YES;
				GCC_WARN_UNINITIALIZED_AUTOS = YES_AGGRESSIVE;
				GCC_WARN_UNUSED_FUNCTION = YES;
				GCC_WARN_UNUSED_VARIABLE = YES;
				IPHONEOS_DEPLOYMENT_TARGET = 15.4;
				MTL_ENABLE_DEBUG_INFO = NO;
				MTL_FAST_MATH = YES;
				SDKROOT = iphoneos;
				SWIFT_COMPILATION_MODE = wholemodule;
				SWIFT_OPTIMIZATION_LEVEL = "-O";
				VALIDATE_PRODUCT = YES;
			};
			name = Release;
		};
		33EF9A85280E31EA0080A85F /* Debug */ = {
			isa = XCBuildConfiguration;
			baseConfigurationReference = 0F76B042421722F8F0E95B40 /* Pods-YoloiOSPerformanceTester.debug.xcconfig */;
			buildSettings = {
				ASSETCATALOG_COMPILER_APPICON_NAME = AppIcon;
				ASSETCATALOG_COMPILER_GLOBAL_ACCENT_COLOR_NAME = AccentColor;
				CODE_SIGN_STYLE = Automatic;
				CURRENT_PROJECT_VERSION = 1;
				DEVELOPMENT_ASSET_PATHS = "\"YoloiOSPerformanceTester/Preview Content\"";
				DEVELOPMENT_TEAM = LR6W9UU9FR;
				ENABLE_PREVIEWS = YES;
				GENERATE_INFOPLIST_FILE = YES;
				INFOPLIST_KEY_UIApplicationSceneManifest_Generation = YES;
				INFOPLIST_KEY_UIApplicationSupportsIndirectInputEvents = YES;
				INFOPLIST_KEY_UILaunchScreen_Generation = YES;
				INFOPLIST_KEY_UISupportedInterfaceOrientations_iPad = "UIInterfaceOrientationPortrait UIInterfaceOrientationPortraitUpsideDown UIInterfaceOrientationLandscapeLeft UIInterfaceOrientationLandscapeRight";
				INFOPLIST_KEY_UISupportedInterfaceOrientations_iPhone = "UIInterfaceOrientationPortrait UIInterfaceOrientationLandscapeLeft UIInterfaceOrientationLandscapeRight";
				LD_RUNPATH_SEARCH_PATHS = (
					"$(inherited)",
					"@executable_path/Frameworks",
				);
				MARKETING_VERSION = 1.0;
				PRODUCT_BUNDLE_IDENTIFIER = Bross.YoloiOSPerformanceTester;
				PRODUCT_NAME = "$(TARGET_NAME)";
				SWIFT_EMIT_LOC_STRINGS = YES;
				SWIFT_VERSION = 5.0;
				TARGETED_DEVICE_FAMILY = "1,2";
			};
			name = Debug;
		};
		33EF9A86280E31EA0080A85F /* Release */ = {
			isa = XCBuildConfiguration;
			baseConfigurationReference = 4C873899C3EC125473D8F3B0 /* Pods-YoloiOSPerformanceTester.release.xcconfig */;
			buildSettings = {
				ASSETCATALOG_COMPILER_APPICON_NAME = AppIcon;
				ASSETCATALOG_COMPILER_GLOBAL_ACCENT_COLOR_NAME = AccentColor;
				CODE_SIGN_STYLE = Automatic;
				CURRENT_PROJECT_VERSION = 1;
				DEVELOPMENT_ASSET_PATHS = "\"YoloiOSPerformanceTester/Preview Content\"";
				DEVELOPMENT_TEAM = LR6W9UU9FR;
				ENABLE_PREVIEWS = YES;
				GENERATE_INFOPLIST_FILE = YES;
				INFOPLIST_KEY_UIApplicationSceneManifest_Generation = YES;
				INFOPLIST_KEY_UIApplicationSupportsIndirectInputEvents = YES;
				INFOPLIST_KEY_UILaunchScreen_Generation = YES;
				INFOPLIST_KEY_UISupportedInterfaceOrientations_iPad = "UIInterfaceOrientationPortrait UIInterfaceOrientationPortraitUpsideDown UIInterfaceOrientationLandscapeLeft UIInterfaceOrientationLandscapeRight";
				INFOPLIST_KEY_UISupportedInterfaceOrientations_iPhone = "UIInterfaceOrientationPortrait UIInterfaceOrientationLandscapeLeft UIInterfaceOrientationLandscapeRight";
				LD_RUNPATH_SEARCH_PATHS = (
					"$(inherited)",
					"@executable_path/Frameworks",
				);
				MARKETING_VERSION = 1.0;
				PRODUCT_BUNDLE_IDENTIFIER = Bross.YoloiOSPerformanceTester;
				PRODUCT_NAME = "$(TARGET_NAME)";
				SWIFT_EMIT_LOC_STRINGS = YES;
				SWIFT_VERSION = 5.0;
				TARGETED_DEVICE_FAMILY = "1,2";
			};
			name = Release;
		};
/* End XCBuildConfiguration section */

/* Begin XCConfigurationList section */
		33EF9A71280E31E90080A85F /* Build configuration list for PBXProject "YoloiOSPerformanceTester" */ = {
			isa = XCConfigurationList;
			buildConfigurations = (
				33EF9A82280E31EA0080A85F /* Debug */,
				33EF9A83280E31EA0080A85F /* Release */,
			);
			defaultConfigurationIsVisible = 0;
			defaultConfigurationName = Release;
		};
		33EF9A84280E31EA0080A85F /* Build configuration list for PBXNativeTarget "YoloiOSPerformanceTester" */ = {
			isa = XCConfigurationList;
			buildConfigurations = (
				33EF9A85280E31EA0080A85F /* Debug */,
				33EF9A86280E31EA0080A85F /* Release */,
			);
			defaultConfigurationIsVisible = 0;
			defaultConfigurationName = Release;
		};
/* End XCConfigurationList section */
	};
	rootObject = 33EF9A6E280E31E90080A85F /* Project object */;
}
