// !$*UTF8*$!
{
	archiveVersion = 1;
	classes = {
	};
	objectVersion = 55;
	objects = {

/* Begin PBXBuildFile section */
		DCE64B1628184A0000DCC315 /* TennisARApp.swift in Sources */ = {isa = PBXBuildFile; fileRef = DCE64B1528184A0000DCC315 /* TennisARApp.swift */; };
		DCE64B1828184A0000DCC315 /* ContentView.swift in Sources */ = {isa = PBXBuildFile; fileRef = DCE64B1728184A0000DCC315 /* ContentView.swift */; };
		DCE64B1A28184A0200DCC315 /* Assets.xcassets in Resources */ = {isa = PBXBuildFile; fileRef = DCE64B1928184A0200DCC315 /* Assets.xcassets */; };
		DCE64B1D28184A0200DCC315 /* Preview Assets.xcassets in Resources */ = {isa = PBXBuildFile; fileRef = DCE64B1C28184A0200DCC315 /* Preview Assets.xcassets */; };
		DCE64B2728184A0200DCC315 /* TennisARTests.swift in Sources */ = {isa = PBXBuildFile; fileRef = DCE64B2628184A0200DCC315 /* TennisARTests.swift */; };
		DCE64B3128184A0200DCC315 /* TennisARUITests.swift in Sources */ = {isa = PBXBuildFile; fileRef = DCE64B3028184A0200DCC315 /* TennisARUITests.swift */; };
		DCE64B3328184A0200DCC315 /* TennisARUITestsLaunchTests.swift in Sources */ = {isa = PBXBuildFile; fileRef = DCE64B3228184A0200DCC315 /* TennisARUITestsLaunchTests.swift */; };
		DCE64B4028184C6C00DCC315 /* YOLO.swift in Sources */ = {isa = PBXBuildFile; fileRef = DCE64B3F28184C6C00DCC315 /* YOLO.swift */; };
		DCE64B442818850E00DCC315 /* UIImagePixelBuffer.swift in Sources */ = {isa = PBXBuildFile; fileRef = DCE64B432818850E00DCC315 /* UIImagePixelBuffer.swift */; };
		DCE64B482818905E00DCC315 /* OnViewModifier.swift in Sources */ = {isa = PBXBuildFile; fileRef = DCE64B472818905E00DCC315 /* OnViewModifier.swift */; };
		DCE64B50281A147400DCC315 /* helpers.swift in Sources */ = {isa = PBXBuildFile; fileRef = DCE64B4F281A147400DCC315 /* helpers.swift */; };
		DCE64B60281AE4DF00DCC315 /* yolov5s.mlmodelc in Resources */ = {isa = PBXBuildFile; fileRef = DCE64B5F281AE4DF00DCC315 /* yolov5s.mlmodelc */; };
		DCE64B62281AE4F700DCC315 /* Detection.swift in Sources */ = {isa = PBXBuildFile; fileRef = DCE64B61281AE4F700DCC315 /* Detection.swift */; };
		DCE64B64281AE4FE00DCC315 /* yolov5s.swift in Sources */ = {isa = PBXBuildFile; fileRef = DCE64B63281AE4FE00DCC315 /* yolov5s.swift */; };
/* End PBXBuildFile section */

/* Begin PBXContainerItemProxy section */
		DCE64B2328184A0200DCC315 /* PBXContainerItemProxy */ = {
			isa = PBXContainerItemProxy;
			containerPortal = DCE64B0A28184A0000DCC315 /* Project object */;
			proxyType = 1;
			remoteGlobalIDString = DCE64B1128184A0000DCC315;
			remoteInfo = TennisAR;
		};
		DCE64B2D28184A0200DCC315 /* PBXContainerItemProxy */ = {
			isa = PBXContainerItemProxy;
			containerPortal = DCE64B0A28184A0000DCC315 /* Project object */;
			proxyType = 1;
			remoteGlobalIDString = DCE64B1128184A0000DCC315;
			remoteInfo = TennisAR;
		};
/* End PBXContainerItemProxy section */

/* Begin PBXFileReference section */
		DCE64B1228184A0000DCC315 /* TennisAR.app */ = {isa = PBXFileReference; explicitFileType = wrapper.application; includeInIndex = 0; path = TennisAR.app; sourceTree = BUILT_PRODUCTS_DIR; };
		DCE64B1528184A0000DCC315 /* TennisARApp.swift */ = {isa = PBXFileReference; lastKnownFileType = sourcecode.swift; path = TennisARApp.swift; sourceTree = "<group>"; };
		DCE64B1728184A0000DCC315 /* ContentView.swift */ = {isa = PBXFileReference; lastKnownFileType = sourcecode.swift; path = ContentView.swift; sourceTree = "<group>"; };
		DCE64B1928184A0200DCC315 /* Assets.xcassets */ = {isa = PBXFileReference; lastKnownFileType = folder.assetcatalog; path = Assets.xcassets; sourceTree = "<group>"; };
		DCE64B1C28184A0200DCC315 /* Preview Assets.xcassets */ = {isa = PBXFileReference; lastKnownFileType = folder.assetcatalog; path = "Preview Assets.xcassets"; sourceTree = "<group>"; };
		DCE64B2228184A0200DCC315 /* TennisARTests.xctest */ = {isa = PBXFileReference; explicitFileType = wrapper.cfbundle; includeInIndex = 0; path = TennisARTests.xctest; sourceTree = BUILT_PRODUCTS_DIR; };
		DCE64B2628184A0200DCC315 /* TennisARTests.swift */ = {isa = PBXFileReference; lastKnownFileType = sourcecode.swift; path = TennisARTests.swift; sourceTree = "<group>"; };
		DCE64B2C28184A0200DCC315 /* TennisARUITests.xctest */ = {isa = PBXFileReference; explicitFileType = wrapper.cfbundle; includeInIndex = 0; path = TennisARUITests.xctest; sourceTree = BUILT_PRODUCTS_DIR; };
		DCE64B3028184A0200DCC315 /* TennisARUITests.swift */ = {isa = PBXFileReference; lastKnownFileType = sourcecode.swift; path = TennisARUITests.swift; sourceTree = "<group>"; };
		DCE64B3228184A0200DCC315 /* TennisARUITestsLaunchTests.swift */ = {isa = PBXFileReference; lastKnownFileType = sourcecode.swift; path = TennisARUITestsLaunchTests.swift; sourceTree = "<group>"; };
		DCE64B3F28184C6C00DCC315 /* YOLO.swift */ = {isa = PBXFileReference; lastKnownFileType = sourcecode.swift; path = YOLO.swift; sourceTree = "<group>"; };
		DCE64B432818850E00DCC315 /* UIImagePixelBuffer.swift */ = {isa = PBXFileReference; lastKnownFileType = sourcecode.swift; path = UIImagePixelBuffer.swift; sourceTree = "<group>"; };
		DCE64B472818905E00DCC315 /* OnViewModifier.swift */ = {isa = PBXFileReference; lastKnownFileType = sourcecode.swift; path = OnViewModifier.swift; sourceTree = "<group>"; };
		DCE64B4F281A147400DCC315 /* helpers.swift */ = {isa = PBXFileReference; lastKnownFileType = sourcecode.swift; path = helpers.swift; sourceTree = "<group>"; };
		DCE64B5F281AE4DF00DCC315 /* yolov5s.mlmodelc */ = {isa = PBXFileReference; lastKnownFileType = wrapper; path = yolov5s.mlmodelc; sourceTree = "<group>"; };
		DCE64B61281AE4F700DCC315 /* Detection.swift */ = {isa = PBXFileReference; fileEncoding = 4; lastKnownFileType = sourcecode.swift; path = Detection.swift; sourceTree = "<group>"; };
		DCE64B63281AE4FE00DCC315 /* yolov5s.swift */ = {isa = PBXFileReference; fileEncoding = 4; lastKnownFileType = sourcecode.swift; path = yolov5s.swift; sourceTree = "<group>"; };
/* End PBXFileReference section */

/* Begin PBXFrameworksBuildPhase section */
		DCE64B0F28184A0000DCC315 /* Frameworks */ = {
			isa = PBXFrameworksBuildPhase;
			buildActionMask = 2147483647;
			files = (
			);
			runOnlyForDeploymentPostprocessing = 0;
		};
		DCE64B1F28184A0200DCC315 /* Frameworks */ = {
			isa = PBXFrameworksBuildPhase;
			buildActionMask = 2147483647;
			files = (
			);
			runOnlyForDeploymentPostprocessing = 0;
		};
		DCE64B2928184A0200DCC315 /* Frameworks */ = {
			isa = PBXFrameworksBuildPhase;
			buildActionMask = 2147483647;
			files = (
			);
			runOnlyForDeploymentPostprocessing = 0;
		};
/* End PBXFrameworksBuildPhase section */

/* Begin PBXGroup section */
		DCE64B0928184A0000DCC315 = {
			isa = PBXGroup;
			children = (
				DCE64B1428184A0000DCC315 /* TennisAR */,
				DCE64B2528184A0200DCC315 /* TennisARTests */,
				DCE64B2F28184A0200DCC315 /* TennisARUITests */,
				DCE64B1328184A0000DCC315 /* Products */,
			);
			sourceTree = "<group>";
		};
		DCE64B1328184A0000DCC315 /* Products */ = {
			isa = PBXGroup;
			children = (
				DCE64B1228184A0000DCC315 /* TennisAR.app */,
				DCE64B2228184A0200DCC315 /* TennisARTests.xctest */,
				DCE64B2C28184A0200DCC315 /* TennisARUITests.xctest */,
			);
			name = Products;
			sourceTree = "<group>";
		};
		DCE64B1428184A0000DCC315 /* TennisAR */ = {
			isa = PBXGroup;
			children = (
				DCE64B66281AE55400DCC315 /* Dep */,
				DCE64B1B28184A0200DCC315 /* Preview Content */,
				DCE64B5F281AE4DF00DCC315 /* yolov5s.mlmodelc */,
				DCE64B1928184A0200DCC315 /* Assets.xcassets */,
				DCE64B63281AE4FE00DCC315 /* yolov5s.swift */,
				DCE64B61281AE4F700DCC315 /* Detection.swift */,
				DCE64B1528184A0000DCC315 /* TennisARApp.swift */,
				DCE64B1728184A0000DCC315 /* ContentView.swift */,
				DCE64B432818850E00DCC315 /* UIImagePixelBuffer.swift */,
			);
			path = TennisAR;
			sourceTree = "<group>";
		};
		DCE64B1B28184A0200DCC315 /* Preview Content */ = {
			isa = PBXGroup;
			children = (
				DCE64B1C28184A0200DCC315 /* Preview Assets.xcassets */,
			);
			path = "Preview Content";
			sourceTree = "<group>";
		};
		DCE64B2528184A0200DCC315 /* TennisARTests */ = {
			isa = PBXGroup;
			children = (
				DCE64B2628184A0200DCC315 /* TennisARTests.swift */,
			);
			path = TennisARTests;
			sourceTree = "<group>";
		};
		DCE64B2F28184A0200DCC315 /* TennisARUITests */ = {
			isa = PBXGroup;
			children = (
				DCE64B3028184A0200DCC315 /* TennisARUITests.swift */,
				DCE64B3228184A0200DCC315 /* TennisARUITestsLaunchTests.swift */,
			);
			path = TennisARUITests;
			sourceTree = "<group>";
		};
		DCE64B66281AE55400DCC315 /* Dep */ = {
			isa = PBXGroup;
			children = (
				DCE64B472818905E00DCC315 /* OnViewModifier.swift */,
				DCE64B4F281A147400DCC315 /* helpers.swift */,
				DCE64B3F28184C6C00DCC315 /* YOLO.swift */,
			);
			path = Dep;
			sourceTree = "<group>";
		};
/* End PBXGroup section */

/* Begin PBXNativeTarget section */
		DCE64B1128184A0000DCC315 /* TennisAR */ = {
			isa = PBXNativeTarget;
			buildConfigurationList = DCE64B3628184A0200DCC315 /* Build configuration list for PBXNativeTarget "TennisAR" */;
			buildPhases = (
				DCE64B0E28184A0000DCC315 /* Sources */,
				DCE64B0F28184A0000DCC315 /* Frameworks */,
				DCE64B1028184A0000DCC315 /* Resources */,
			);
			buildRules = (
			);
			dependencies = (
			);
			name = TennisAR;
			productName = TennisAR;
			productReference = DCE64B1228184A0000DCC315 /* TennisAR.app */;
			productType = "com.apple.product-type.application";
		};
		DCE64B2128184A0200DCC315 /* TennisARTests */ = {
			isa = PBXNativeTarget;
			buildConfigurationList = DCE64B3928184A0200DCC315 /* Build configuration list for PBXNativeTarget "TennisARTests" */;
			buildPhases = (
				DCE64B1E28184A0200DCC315 /* Sources */,
				DCE64B1F28184A0200DCC315 /* Frameworks */,
				DCE64B2028184A0200DCC315 /* Resources */,
			);
			buildRules = (
			);
			dependencies = (
				DCE64B2428184A0200DCC315 /* PBXTargetDependency */,
			);
			name = TennisARTests;
			productName = TennisARTests;
			productReference = DCE64B2228184A0200DCC315 /* TennisARTests.xctest */;
			productType = "com.apple.product-type.bundle.unit-test";
		};
		DCE64B2B28184A0200DCC315 /* TennisARUITests */ = {
			isa = PBXNativeTarget;
			buildConfigurationList = DCE64B3C28184A0200DCC315 /* Build configuration list for PBXNativeTarget "TennisARUITests" */;
			buildPhases = (
				DCE64B2828184A0200DCC315 /* Sources */,
				DCE64B2928184A0200DCC315 /* Frameworks */,
				DCE64B2A28184A0200DCC315 /* Resources */,
			);
			buildRules = (
			);
			dependencies = (
				DCE64B2E28184A0200DCC315 /* PBXTargetDependency */,
			);
			name = TennisARUITests;
			productName = TennisARUITests;
			productReference = DCE64B2C28184A0200DCC315 /* TennisARUITests.xctest */;
			productType = "com.apple.product-type.bundle.ui-testing";
		};
/* End PBXNativeTarget section */

/* Begin PBXProject section */
		DCE64B0A28184A0000DCC315 /* Project object */ = {
			isa = PBXProject;
			attributes = {
				BuildIndependentTargetsInParallel = 1;
				LastSwiftUpdateCheck = 1320;
				LastUpgradeCheck = 1320;
				TargetAttributes = {
					DCE64B1128184A0000DCC315 = {
						CreatedOnToolsVersion = 13.2.1;
					};
					DCE64B2128184A0200DCC315 = {
						CreatedOnToolsVersion = 13.2.1;
						TestTargetID = DCE64B1128184A0000DCC315;
					};
					DCE64B2B28184A0200DCC315 = {
						CreatedOnToolsVersion = 13.2.1;
						TestTargetID = DCE64B1128184A0000DCC315;
					};
				};
			};
			buildConfigurationList = DCE64B0D28184A0000DCC315 /* Build configuration list for PBXProject "TennisAR" */;
			compatibilityVersion = "Xcode 13.0";
			developmentRegion = en;
			hasScannedForEncodings = 0;
			knownRegions = (
				en,
				Base,
			);
			mainGroup = DCE64B0928184A0000DCC315;
			productRefGroup = DCE64B1328184A0000DCC315 /* Products */;
			projectDirPath = "";
			projectRoot = "";
			targets = (
				DCE64B1128184A0000DCC315 /* TennisAR */,
				DCE64B2128184A0200DCC315 /* TennisARTests */,
				DCE64B2B28184A0200DCC315 /* TennisARUITests */,
			);
		};
/* End PBXProject section */

/* Begin PBXResourcesBuildPhase section */
		DCE64B1028184A0000DCC315 /* Resources */ = {
			isa = PBXResourcesBuildPhase;
			buildActionMask = 2147483647;
			files = (
				DCE64B1D28184A0200DCC315 /* Preview Assets.xcassets in Resources */,
				DCE64B60281AE4DF00DCC315 /* yolov5s.mlmodelc in Resources */,
				DCE64B1A28184A0200DCC315 /* Assets.xcassets in Resources */,
			);
			runOnlyForDeploymentPostprocessing = 0;
		};
		DCE64B2028184A0200DCC315 /* Resources */ = {
			isa = PBXResourcesBuildPhase;
			buildActionMask = 2147483647;
			files = (
			);
			runOnlyForDeploymentPostprocessing = 0;
		};
		DCE64B2A28184A0200DCC315 /* Resources */ = {
			isa = PBXResourcesBuildPhase;
			buildActionMask = 2147483647;
			files = (
			);
			runOnlyForDeploymentPostprocessing = 0;
		};
/* End PBXResourcesBuildPhase section */

/* Begin PBXSourcesBuildPhase section */
		DCE64B0E28184A0000DCC315 /* Sources */ = {
			isa = PBXSourcesBuildPhase;
			buildActionMask = 2147483647;
			files = (
				DCE64B62281AE4F700DCC315 /* Detection.swift in Sources */,
				DCE64B64281AE4FE00DCC315 /* yolov5s.swift in Sources */,
				DCE64B50281A147400DCC315 /* helpers.swift in Sources */,
				DCE64B442818850E00DCC315 /* UIImagePixelBuffer.swift in Sources */,
				DCE64B1828184A0000DCC315 /* ContentView.swift in Sources */,
				DCE64B482818905E00DCC315 /* OnViewModifier.swift in Sources */,
				DCE64B1628184A0000DCC315 /* TennisARApp.swift in Sources */,
				DCE64B4028184C6C00DCC315 /* YOLO.swift in Sources */,
			);
			runOnlyForDeploymentPostprocessing = 0;
		};
		DCE64B1E28184A0200DCC315 /* Sources */ = {
			isa = PBXSourcesBuildPhase;
			buildActionMask = 2147483647;
			files = (
				DCE64B2728184A0200DCC315 /* TennisARTests.swift in Sources */,
			);
			runOnlyForDeploymentPostprocessing = 0;
		};
		DCE64B2828184A0200DCC315 /* Sources */ = {
			isa = PBXSourcesBuildPhase;
			buildActionMask = 2147483647;
			files = (
				DCE64B3328184A0200DCC315 /* TennisARUITestsLaunchTests.swift in Sources */,
				DCE64B3128184A0200DCC315 /* TennisARUITests.swift in Sources */,
			);
			runOnlyForDeploymentPostprocessing = 0;
		};
/* End PBXSourcesBuildPhase section */

/* Begin PBXTargetDependency section */
		DCE64B2428184A0200DCC315 /* PBXTargetDependency */ = {
			isa = PBXTargetDependency;
			target = DCE64B1128184A0000DCC315 /* TennisAR */;
			targetProxy = DCE64B2328184A0200DCC315 /* PBXContainerItemProxy */;
		};
		DCE64B2E28184A0200DCC315 /* PBXTargetDependency */ = {
			isa = PBXTargetDependency;
			target = DCE64B1128184A0000DCC315 /* TennisAR */;
			targetProxy = DCE64B2D28184A0200DCC315 /* PBXContainerItemProxy */;
		};
/* End PBXTargetDependency section */

/* Begin XCBuildConfiguration section */
		DCE64B3428184A0200DCC315 /* Debug */ = {
			isa = XCBuildConfiguration;
			buildSettings = {
				ALWAYS_SEARCH_USER_PATHS = NO;
				CLANG_ANALYZER_NONNULL = YES;
				CLANG_ANALYZER_NUMBER_OBJECT_CONVERSION = YES_AGGRESSIVE;
				CLANG_CXX_LANGUAGE_STANDARD = "gnu++17";
				CLANG_CXX_LIBRARY = "libc++";
				CLANG_ENABLE_MODULES = YES;
				CLANG_ENABLE_OBJC_ARC = YES;
				CLANG_ENABLE_OBJC_WEAK = YES;
				CLANG_WARN_BLOCK_CAPTURE_AUTORELEASING = YES;
				CLANG_WARN_BOOL_CONVERSION = YES;
				CLANG_WARN_COMMA = YES;
				CLANG_WARN_CONSTANT_CONVERSION = YES;
				CLANG_WARN_DEPRECATED_OBJC_IMPLEMENTATIONS = YES;
				CLANG_WARN_DIRECT_OBJC_ISA_USAGE = YES_ERROR;
				CLANG_WARN_DOCUMENTATION_COMMENTS = YES;
				CLANG_WARN_EMPTY_BODY = YES;
				CLANG_WARN_ENUM_CONVERSION = YES;
				CLANG_WARN_INFINITE_RECURSION = YES;
				CLANG_WARN_INT_CONVERSION = YES;
				CLANG_WARN_NON_LITERAL_NULL_CONVERSION = YES;
				CLANG_WARN_OBJC_IMPLICIT_RETAIN_SELF = YES;
				CLANG_WARN_OBJC_LITERAL_CONVERSION = YES;
				CLANG_WARN_OBJC_ROOT_CLASS = YES_ERROR;
				CLANG_WARN_QUOTED_INCLUDE_IN_FRAMEWORK_HEADER = YES;
				CLANG_WARN_RANGE_LOOP_ANALYSIS = YES;
				CLANG_WARN_STRICT_PROTOTYPES = YES;
				CLANG_WARN_SUSPICIOUS_MOVE = YES;
				CLANG_WARN_UNGUARDED_AVAILABILITY = YES_AGGRESSIVE;
				CLANG_WARN_UNREACHABLE_CODE = YES;
				CLANG_WARN__DUPLICATE_METHOD_MATCH = YES;
				COPY_PHASE_STRIP = NO;
				DEBUG_INFORMATION_FORMAT = dwarf;
				ENABLE_STRICT_OBJC_MSGSEND = YES;
				ENABLE_TESTABILITY = YES;
				GCC_C_LANGUAGE_STANDARD = gnu11;
				GCC_DYNAMIC_NO_PIC = NO;
				GCC_NO_COMMON_BLOCKS = YES;
				GCC_OPTIMIZATION_LEVEL = 0;
				GCC_PREPROCESSOR_DEFINITIONS = (
					"DEBUG=1",
					"$(inherited)",
				);
				GCC_WARN_64_TO_32_BIT_CONVERSION = YES;
				GCC_WARN_ABOUT_RETURN_TYPE = YES_ERROR;
				GCC_WARN_UNDECLARED_SELECTOR = YES;
				GCC_WARN_UNINITIALIZED_AUTOS = YES_AGGRESSIVE;
				GCC_WARN_UNUSED_FUNCTION = YES;
				GCC_WARN_UNUSED_VARIABLE = YES;
				IPHONEOS_DEPLOYMENT_TARGET = 15.2;
				MTL_ENABLE_DEBUG_INFO = INCLUDE_SOURCE;
				MTL_FAST_MATH = YES;
				ONLY_ACTIVE_ARCH = YES;
				SDKROOT = iphoneos;
				SWIFT_ACTIVE_COMPILATION_CONDITIONS = DEBUG;
				SWIFT_OPTIMIZATION_LEVEL = "-Onone";
			};
			name = Debug;
		};
		DCE64B3528184A0200DCC315 /* Release */ = {
			isa = XCBuildConfiguration;
			buildSettings = {
				ALWAYS_SEARCH_USER_PATHS = NO;
				CLANG_ANALYZER_NONNULL = YES;
				CLANG_ANALYZER_NUMBER_OBJECT_CONVERSION = YES_AGGRESSIVE;
				CLANG_CXX_LANGUAGE_STANDARD = "gnu++17";
				CLANG_CXX_LIBRARY = "libc++";
				CLANG_ENABLE_MODULES = YES;
				CLANG_ENABLE_OBJC_ARC = YES;
				CLANG_ENABLE_OBJC_WEAK = YES;
				CLANG_WARN_BLOCK_CAPTURE_AUTORELEASING = YES;
				CLANG_WARN_BOOL_CONVERSION = YES;
				CLANG_WARN_COMMA = YES;
				CLANG_WARN_CONSTANT_CONVERSION = YES;
				CLANG_WARN_DEPRECATED_OBJC_IMPLEMENTATIONS = YES;
				CLANG_WARN_DIRECT_OBJC_ISA_USAGE = YES_ERROR;
				CLANG_WARN_DOCUMENTATION_COMMENTS = YES;
				CLANG_WARN_EMPTY_BODY = YES;
				CLANG_WARN_ENUM_CONVERSION = YES;
				CLANG_WARN_INFINITE_RECURSION = YES;
				CLANG_WARN_INT_CONVERSION = YES;
				CLANG_WARN_NON_LITERAL_NULL_CONVERSION = YES;
				CLANG_WARN_OBJC_IMPLICIT_RETAIN_SELF = YES;
				CLANG_WARN_OBJC_LITERAL_CONVERSION = YES;
				CLANG_WARN_OBJC_ROOT_CLASS = YES_ERROR;
				CLANG_WARN_QUOTED_INCLUDE_IN_FRAMEWORK_HEADER = YES;
				CLANG_WARN_RANGE_LOOP_ANALYSIS = YES;
				CLANG_WARN_STRICT_PROTOTYPES = YES;
				CLANG_WARN_SUSPICIOUS_MOVE = YES;
				CLANG_WARN_UNGUARDED_AVAILABILITY = YES_AGGRESSIVE;
				CLANG_WARN_UNREACHABLE_CODE = YES;
				CLANG_WARN__DUPLICATE_METHOD_MATCH = YES;
				COPY_PHASE_STRIP = NO;
				DEBUG_INFORMATION_FORMAT = "dwarf-with-dsym";
				ENABLE_NS_ASSERTIONS = NO;
				ENABLE_STRICT_OBJC_MSGSEND = YES;
				GCC_C_LANGUAGE_STANDARD = gnu11;
				GCC_NO_COMMON_BLOCKS = YES;
				GCC_WARN_64_TO_32_BIT_CONVERSION = YES;
				GCC_WARN_ABOUT_RETURN_TYPE = YES_ERROR;
				GCC_WARN_UNDECLARED_SELECTOR = YES;
				GCC_WARN_UNINITIALIZED_AUTOS = YES_AGGRESSIVE;
				GCC_WARN_UNUSED_FUNCTION = YES;
				GCC_WARN_UNUSED_VARIABLE = YES;
				IPHONEOS_DEPLOYMENT_TARGET = 15.2;
				MTL_ENABLE_DEBUG_INFO = NO;
				MTL_FAST_MATH = YES;
				SDKROOT = iphoneos;
				SWIFT_COMPILATION_MODE = wholemodule;
				SWIFT_OPTIMIZATION_LEVEL = "-O";
				VALIDATE_PRODUCT = YES;
			};
			name = Release;
		};
		DCE64B3728184A0200DCC315 /* Debug */ = {
			isa = XCBuildConfiguration;
			buildSettings = {
				ASSETCATALOG_COMPILER_APPICON_NAME = AppIcon;
				ASSETCATALOG_COMPILER_GLOBAL_ACCENT_COLOR_NAME = AccentColor;
				CODE_SIGN_STYLE = Automatic;
				CURRENT_PROJECT_VERSION = 1;
				DEVELOPMENT_ASSET_PATHS = "\"TennisAR/Preview Content\"";
				DEVELOPMENT_TEAM = M4QWV6YXCM;
				ENABLE_PREVIEWS = YES;
				GENERATE_INFOPLIST_FILE = YES;
				INFOPLIST_KEY_UIApplicationSceneManifest_Generation = YES;
				INFOPLIST_KEY_UIApplicationSupportsIndirectInputEvents = YES;
				INFOPLIST_KEY_UILaunchScreen_Generation = YES;
				INFOPLIST_KEY_UISupportedInterfaceOrientations_iPad = "UIInterfaceOrientationPortrait UIInterfaceOrientationPortraitUpsideDown UIInterfaceOrientationLandscapeLeft UIInterfaceOrientationLandscapeRight";
				INFOPLIST_KEY_UISupportedInterfaceOrientations_iPhone = "UIInterfaceOrientationPortrait UIInterfaceOrientationLandscapeLeft UIInterfaceOrientationLandscapeRight";
				LD_RUNPATH_SEARCH_PATHS = (
					"$(inherited)",
					"@executable_path/Frameworks",
				);
				MARKETING_VERSION = 1.0;
				PRODUCT_BUNDLE_IDENTIFIER = com.TennisAR.TennisAR2;
				PRODUCT_NAME = "$(TARGET_NAME)";
				SWIFT_EMIT_LOC_STRINGS = YES;
				SWIFT_VERSION = 5.0;
				TARGETED_DEVICE_FAMILY = "1,2";
			};
			name = Debug;
		};
		DCE64B3828184A0200DCC315 /* Release */ = {
			isa = XCBuildConfiguration;
			buildSettings = {
				ASSETCATALOG_COMPILER_APPICON_NAME = AppIcon;
				ASSETCATALOG_COMPILER_GLOBAL_ACCENT_COLOR_NAME = AccentColor;
				CODE_SIGN_STYLE = Automatic;
				CURRENT_PROJECT_VERSION = 1;
				DEVELOPMENT_ASSET_PATHS = "\"TennisAR/Preview Content\"";
				DEVELOPMENT_TEAM = M4QWV6YXCM;
				ENABLE_PREVIEWS = YES;
				GENERATE_INFOPLIST_FILE = YES;
				INFOPLIST_KEY_UIApplicationSceneManifest_Generation = YES;
				INFOPLIST_KEY_UIApplicationSupportsIndirectInputEvents = YES;
				INFOPLIST_KEY_UILaunchScreen_Generation = YES;
				INFOPLIST_KEY_UISupportedInterfaceOrientations_iPad = "UIInterfaceOrientationPortrait UIInterfaceOrientationPortraitUpsideDown UIInterfaceOrientationLandscapeLeft UIInterfaceOrientationLandscapeRight";
				INFOPLIST_KEY_UISupportedInterfaceOrientations_iPhone = "UIInterfaceOrientationPortrait UIInterfaceOrientationLandscapeLeft UIInterfaceOrientationLandscapeRight";
				LD_RUNPATH_SEARCH_PATHS = (
					"$(inherited)",
					"@executable_path/Frameworks",
				);
				MARKETING_VERSION = 1.0;
				PRODUCT_BUNDLE_IDENTIFIER = com.TennisAR.TennisAR2;
				PRODUCT_NAME = "$(TARGET_NAME)";
				SWIFT_EMIT_LOC_STRINGS = YES;
				SWIFT_VERSION = 5.0;
				TARGETED_DEVICE_FAMILY = "1,2";
			};
			name = Release;
		};
		DCE64B3A28184A0200DCC315 /* Debug */ = {
			isa = XCBuildConfiguration;
			buildSettings = {
				ALWAYS_EMBED_SWIFT_STANDARD_LIBRARIES = YES;
				BUNDLE_LOADER = "$(TEST_HOST)";
				CODE_SIGN_STYLE = Automatic;
				CURRENT_PROJECT_VERSION = 1;
				DEVELOPMENT_TEAM = M4QWV6YXCM;
				GENERATE_INFOPLIST_FILE = YES;
				IPHONEOS_DEPLOYMENT_TARGET = 15.2;
				MARKETING_VERSION = 1.0;
				PRODUCT_BUNDLE_IDENTIFIER = com.TennisAR.TennisARTests;
				PRODUCT_NAME = "$(TARGET_NAME)";
				SWIFT_EMIT_LOC_STRINGS = NO;
				SWIFT_VERSION = 5.0;
				TARGETED_DEVICE_FAMILY = "1,2";
				TEST_HOST = "$(BUILT_PRODUCTS_DIR)/TennisAR.app/TennisAR";
			};
			name = Debug;
		};
		DCE64B3B28184A0200DCC315 /* Release */ = {
			isa = XCBuildConfiguration;
			buildSettings = {
				ALWAYS_EMBED_SWIFT_STANDARD_LIBRARIES = YES;
				BUNDLE_LOADER = "$(TEST_HOST)";
				CODE_SIGN_STYLE = Automatic;
				CURRENT_PROJECT_VERSION = 1;
				DEVELOPMENT_TEAM = M4QWV6YXCM;
				GENERATE_INFOPLIST_FILE = YES;
				IPHONEOS_DEPLOYMENT_TARGET = 15.2;
				MARKETING_VERSION = 1.0;
				PRODUCT_BUNDLE_IDENTIFIER = com.TennisAR.TennisARTests;
				PRODUCT_NAME = "$(TARGET_NAME)";
				SWIFT_EMIT_LOC_STRINGS = NO;
				SWIFT_VERSION = 5.0;
				TARGETED_DEVICE_FAMILY = "1,2";
				TEST_HOST = "$(BUILT_PRODUCTS_DIR)/TennisAR.app/TennisAR";
			};
			name = Release;
		};
		DCE64B3D28184A0200DCC315 /* Debug */ = {
			isa = XCBuildConfiguration;
			buildSettings = {
				ALWAYS_EMBED_SWIFT_STANDARD_LIBRARIES = YES;
				CODE_SIGN_STYLE = Automatic;
				CURRENT_PROJECT_VERSION = 1;
				DEVELOPMENT_TEAM = M4QWV6YXCM;
				GENERATE_INFOPLIST_FILE = YES;
				MARKETING_VERSION = 1.0;
				PRODUCT_BUNDLE_IDENTIFIER = com.TennisAR.TennisARUITests;
				PRODUCT_NAME = "$(TARGET_NAME)";
				SWIFT_EMIT_LOC_STRINGS = NO;
				SWIFT_VERSION = 5.0;
				TARGETED_DEVICE_FAMILY = "1,2";
				TEST_TARGET_NAME = TennisAR;
			};
			name = Debug;
		};
		DCE64B3E28184A0200DCC315 /* Release */ = {
			isa = XCBuildConfiguration;
			buildSettings = {
				ALWAYS_EMBED_SWIFT_STANDARD_LIBRARIES = YES;
				CODE_SIGN_STYLE = Automatic;
				CURRENT_PROJECT_VERSION = 1;
				DEVELOPMENT_TEAM = M4QWV6YXCM;
				GENERATE_INFOPLIST_FILE = YES;
				MARKETING_VERSION = 1.0;
				PRODUCT_BUNDLE_IDENTIFIER = com.TennisAR.TennisARUITests;
				PRODUCT_NAME = "$(TARGET_NAME)";
				SWIFT_EMIT_LOC_STRINGS = NO;
				SWIFT_VERSION = 5.0;
				TARGETED_DEVICE_FAMILY = "1,2";
				TEST_TARGET_NAME = TennisAR;
			};
			name = Release;
		};
/* End XCBuildConfiguration section */

/* Begin XCConfigurationList section */
		DCE64B0D28184A0000DCC315 /* Build configuration list for PBXProject "TennisAR" */ = {
			isa = XCConfigurationList;
			buildConfigurations = (
				DCE64B3428184A0200DCC315 /* Debug */,
				DCE64B3528184A0200DCC315 /* Release */,
			);
			defaultConfigurationIsVisible = 0;
			defaultConfigurationName = Release;
		};
		DCE64B3628184A0200DCC315 /* Build configuration list for PBXNativeTarget "TennisAR" */ = {
			isa = XCConfigurationList;
			buildConfigurations = (
				DCE64B3728184A0200DCC315 /* Debug */,
				DCE64B3828184A0200DCC315 /* Release */,
			);
			defaultConfigurationIsVisible = 0;
			defaultConfigurationName = Release;
		};
		DCE64B3928184A0200DCC315 /* Build configuration list for PBXNativeTarget "TennisARTests" */ = {
			isa = XCConfigurationList;
			buildConfigurations = (
				DCE64B3A28184A0200DCC315 /* Debug */,
				DCE64B3B28184A0200DCC315 /* Release */,
			);
			defaultConfigurationIsVisible = 0;
			defaultConfigurationName = Release;
		};
		DCE64B3C28184A0200DCC315 /* Build configuration list for PBXNativeTarget "TennisARUITests" */ = {
			isa = XCConfigurationList;
			buildConfigurations = (
				DCE64B3D28184A0200DCC315 /* Debug */,
				DCE64B3E28184A0200DCC315 /* Release */,
			);
			defaultConfigurationIsVisible = 0;
			defaultConfigurationName = Release;
		};
/* End XCConfigurationList section */
	};
	rootObject = DCE64B0A28184A0000DCC315 /* Project object */;
}
